
Microsoft Visual Studio Solution File, Format Version 12.00
# Visual Studio 15
VisualStudioVersion = 15.0.28010.2036
MinimumVisualStudioVersion = 10.0.40219.1
Project("{FAE04EC0-301F-11D3-BF4B-00C04F79EFBC}") = "Constraint generator", "Constraint generator\Constraint generator.csproj", "{5070DF99-B87A-4829-8878-FD2D7104B186}"
EndProject
Global
	GlobalSection(SolutionConfigurationPlatforms) = preSolution
		Debug|Any CPU = Debug|Any CPU
		Release|Any CPU = Release|Any CPU
	EndGlobalSection
	GlobalSection(ProjectConfigurationPlatforms) = postSolution
		{5070DF99-B87A-4829-8878-FD2D7104B186}.Debug|Any CPU.ActiveCfg = Debug|Any CPU
		{5070DF99-B87A-4829-8878-FD2D7104B186}.Debug|Any CPU.Build.0 = Debug|Any CPU
		{5070DF99-B87A-4829-8878-FD2D7104B186}.Release|Any CPU.ActiveCfg = Release|Any CPU
		{5070DF99-B87A-4829-8878-FD2D7104B186}.Release|Any CPU.Build.0 = Release|Any CPU
	EndGlobalSection
	GlobalSection(SolutionProperties) = preSolution
		HideSolutionNode = FALSE
	EndGlobalSection
	GlobalSection(ExtensibilityGlobals) = postSolution
		SolutionGuid = {17D24508-7848-431B-87E6-3875B13B4F99}
	EndGlobalSection
EndGlobal
